{
    "_readme": [
        "This file locks the dependencies of your project to a known state",
        "Read more about it at https://getcomposer.org/doc/01-basic-usage.md#installing-dependencies",
        "This file is @generated automatically"
    ],
    "content-hash": "d6f501a85166c3c6df42c7765d2e461a",
    "packages": [
        {
            "name": "freemius/wordpress-sdk",
            "version": "2.4.4",
            "source": {
                "type": "git",
                "url": "https://github.com/Freemius/wordpress-sdk.git",
                "reference": "1ae65094adc390ad562189d603b17a20feaa75c0"
            },
            "dist": {
                "type": "zip",
                "url": "https://api.github.com/repos/Freemius/wordpress-sdk/zipball/1ae65094adc390ad562189d603b17a20feaa75c0",
                "reference": "1ae65094adc390ad562189d603b17a20feaa75c0",
                "shasum": ""
            },
            "require": {
                "php": ">=5.2"
            },
            "type": "library",
            "notification-url": "https://packagist.org/downloads/",
            "license": [
                "GPL-3.0-only"
            ],
            "description": "Freemius WordPress SDK",
            "homepage": "https://freemius.com",
            "keywords": [
                "freemius",
                "plugin",
                "sdk",
                "theme",
                "wordpress",
                "wordpress-plugin",
                "wordpress-theme"
            ],
            "support": {
                "issues": "https://github.com/Freemius/wordpress-sdk/issues",
                "source": "https://github.com/Freemius/wordpress-sdk/tree/2.4.4"
            },
            "time": "2022-07-10T06:43:09+00:00"
        }
    ],
    "packages-dev": [],
    "aliases": [],
    "minimum-stability": "stable",
    "stability-flags": [],
    "prefer-stable": true,
    "prefer-lowest": false,
    "platform": {
        "php": ">=7.2"
    },
    "platform-dev": [],
    "plugin-api-version": "2.3.0"
}
